
Microsoft Visual Studio Solution File, Format Version 12.00
# Visual Studio Version 17
VisualStudioVersion = 17.3.32811.315
MinimumVisualStudioVersion = 10.0.40219.1
Project("{2150E333-8FDC-42A3-9474-1A3956D46DE8}") = "2 - Domain", "2 - Domain", "{0B814FBE-787B-4120-8BDB-B74E765259A2}"
EndProject
Project("{FAE04EC0-301F-11D3-BF4B-00C04F79EFBC}") = "Domain", "..\Domain\Domain.csproj", "{5F209FA8-3233-4134-B3E2-F804841F6709}"
EndProject
Project("{2150E333-8FDC-42A3-9474-1A3956D46DE8}") = "3 - Infra", "3 - Infra", "{184B179F-2CEA-44AF-9F20-692A050D1B39}"
EndProject
Project("{2150E333-8FDC-42A3-9474-1A3956D46DE8}") = "1 - API", "1 - API", "{AD5860CA-E6A6-4B67-966C-0C8D5606ECEE}"
EndProject
Project("{FAE04EC0-301F-11D3-BF4B-00C04F79EFBC}") = "API", "..\API\API.csproj", "{EDD4CE9D-6100-437C-A77D-1A6A4420A554}"
EndProject
Project("{2150E333-8FDC-42A3-9474-1A3956D46DE8}") = "4 - Tests", "4 - Tests", "{69D68DFD-A786-4102-8CF0-9CE1ED35B14F}"
EndProject
Project("{FAE04EC0-301F-11D3-BF4B-00C04F79EFBC}") = "Tests", "..\Tests\Tests.csproj", "{3C364104-92AD-4B88-832E-274B85D89B38}"
EndProject
Project("{2150E333-8FDC-42A3-9474-1A3956D46DE8}") = "Data", "Data", "{44317936-CCCE-4CE9-AC78-662FC7BF3102}"
EndProject
Project("{FAE04EC0-301F-11D3-BF4B-00C04F79EFBC}") = "Data", "..\Data\Data.csproj", "{86982C46-B482-4E7E-A62D-20C3DB4F64E1}"
EndProject
Project("{2150E333-8FDC-42A3-9474-1A3956D46DE8}") = "CrossCutting", "CrossCutting", "{AF8E2805-FD29-4E16-8A7B-A301C455E97F}"
EndProject
Project("{FAE04EC0-301F-11D3-BF4B-00C04F79EFBC}") = "CrossCutting", "..\CrossCutting\CrossCutting.csproj", "{373D85DD-DB85-4F05-A1C6-71E9E3D60801}"
EndProject
Global
	GlobalSection(SolutionConfigurationPlatforms) = preSolution
		Debug|Any CPU = Debug|Any CPU
		Release|Any CPU = Release|Any CPU
	EndGlobalSection
	GlobalSection(ProjectConfigurationPlatforms) = postSolution
		{5F209FA8-3233-4134-B3E2-F804841F6709}.Debug|Any CPU.ActiveCfg = Debug|Any CPU
		{5F209FA8-3233-4134-B3E2-F804841F6709}.Debug|Any CPU.Build.0 = Debug|Any CPU
		{5F209FA8-3233-4134-B3E2-F804841F6709}.Release|Any CPU.ActiveCfg = Release|Any CPU
		{5F209FA8-3233-4134-B3E2-F804841F6709}.Release|Any CPU.Build.0 = Release|Any CPU
		{EDD4CE9D-6100-437C-A77D-1A6A4420A554}.Debug|Any CPU.ActiveCfg = Debug|Any CPU
		{EDD4CE9D-6100-437C-A77D-1A6A4420A554}.Debug|Any CPU.Build.0 = Debug|Any CPU
		{EDD4CE9D-6100-437C-A77D-1A6A4420A554}.Release|Any CPU.ActiveCfg = Release|Any CPU
		{EDD4CE9D-6100-437C-A77D-1A6A4420A554}.Release|Any CPU.Build.0 = Release|Any CPU
		{3C364104-92AD-4B88-832E-274B85D89B38}.Debug|Any CPU.ActiveCfg = Debug|Any CPU
		{3C364104-92AD-4B88-832E-274B85D89B38}.Debug|Any CPU.Build.0 = Debug|Any CPU
		{3C364104-92AD-4B88-832E-274B85D89B38}.Release|Any CPU.ActiveCfg = Release|Any CPU
		{3C364104-92AD-4B88-832E-274B85D89B38}.Release|Any CPU.Build.0 = Release|Any CPU
		{86982C46-B482-4E7E-A62D-20C3DB4F64E1}.Debug|Any CPU.ActiveCfg = Debug|Any CPU
		{86982C46-B482-4E7E-A62D-20C3DB4F64E1}.Debug|Any CPU.Build.0 = Debug|Any CPU
		{86982C46-B482-4E7E-A62D-20C3DB4F64E1}.Release|Any CPU.ActiveCfg = Release|Any CPU
		{86982C46-B482-4E7E-A62D-20C3DB4F64E1}.Release|Any CPU.Build.0 = Release|Any CPU
		{373D85DD-DB85-4F05-A1C6-71E9E3D60801}.Debug|Any CPU.ActiveCfg = Debug|Any CPU
		{373D85DD-DB85-4F05-A1C6-71E9E3D60801}.Debug|Any CPU.Build.0 = Debug|Any CPU
		{373D85DD-DB85-4F05-A1C6-71E9E3D60801}.Release|Any CPU.ActiveCfg = Release|Any CPU
		{373D85DD-DB85-4F05-A1C6-71E9E3D60801}.Release|Any CPU.Build.0 = Release|Any CPU
	EndGlobalSection
	GlobalSection(SolutionProperties) = preSolution
		HideSolutionNode = FALSE
	EndGlobalSection
	GlobalSection(NestedProjects) = preSolution
		{5F209FA8-3233-4134-B3E2-F804841F6709} = {0B814FBE-787B-4120-8BDB-B74E765259A2}
		{EDD4CE9D-6100-437C-A77D-1A6A4420A554} = {AD5860CA-E6A6-4B67-966C-0C8D5606ECEE}
		{3C364104-92AD-4B88-832E-274B85D89B38} = {69D68DFD-A786-4102-8CF0-9CE1ED35B14F}
		{44317936-CCCE-4CE9-AC78-662FC7BF3102} = {184B179F-2CEA-44AF-9F20-692A050D1B39}
		{86982C46-B482-4E7E-A62D-20C3DB4F64E1} = {44317936-CCCE-4CE9-AC78-662FC7BF3102}
		{AF8E2805-FD29-4E16-8A7B-A301C455E97F} = {184B179F-2CEA-44AF-9F20-692A050D1B39}
		{373D85DD-DB85-4F05-A1C6-71E9E3D60801} = {AF8E2805-FD29-4E16-8A7B-A301C455E97F}
	EndGlobalSection
	GlobalSection(ExtensibilityGlobals) = postSolution
		SolutionGuid = {48C4CE12-9F82-47D5-9D7E-72E2B770198A}
	EndGlobalSection
EndGlobal
