
Microsoft Visual Studio Solution File, Format Version 12.00
# Visual Studio Version 17
VisualStudioVersion = 17.3.32811.315
MinimumVisualStudioVersion = 10.0.40219.1
Project("{2150E333-8FDC-42A3-9474-1A3956D46DE8}") = "1 - API", "1 - API", "{5F3978FF-0AC5-4E6E-A38C-BD3B7D37EB80}"
EndProject
Project("{FAE04EC0-301F-11D3-BF4B-00C04F79EFBC}") = "Gestao.Candidatos.API", "1 - API\Gestao.Candidatos.API\Gestao.Candidatos.API.csproj", "{AD0650C3-4F3C-4D9E-A3E6-4C7C23F9A60D}"
EndProject
Project("{2150E333-8FDC-42A3-9474-1A3956D46DE8}") = "2 - Domain", "2 - Domain", "{C2A7A18F-AE72-4536-899D-9EC4FE8C3687}"
EndProject
Project("{2150E333-8FDC-42A3-9474-1A3956D46DE8}") = "3 - Infra", "3 - Infra", "{FCA72DDF-5A58-4F64-8C53-220DC200194B}"
EndProject
Project("{2150E333-8FDC-42A3-9474-1A3956D46DE8}") = "4 - Tests", "4 - Tests", "{A3D30A2A-C981-49C2-B145-3FCF55EEDD65}"
EndProject
Project("{FAE04EC0-301F-11D3-BF4B-00C04F79EFBC}") = "Gestao.Candidatos.Domain", "2 - Domain\Gestao.Candidatos.Domain\Gestao.Candidatos.Domain.csproj", "{48827006-C8D8-413D-86A9-22DD5406E149}"
EndProject
Project("{2150E333-8FDC-42A3-9474-1A3956D46DE8}") = "Data", "Data", "{6EF24DAC-8F73-43FA-9AE1-BA1429AD0321}"
EndProject
Project("{FAE04EC0-301F-11D3-BF4B-00C04F79EFBC}") = "Gestao.Candidatos.Infra.Data", "3 - Infra\Data\Gestao.Candidatos.Infra.Data\Gestao.Candidatos.Infra.Data.csproj", "{FE38A887-F1BF-4EE2-B756-2899FBCA372D}"
EndProject
Project("{FAE04EC0-301F-11D3-BF4B-00C04F79EFBC}") = "Tests", "4 - Tests\Tests\Tests.csproj", "{070DCA4E-BF54-4EE7-BAB6-5280FBE21BC4}"
EndProject
Global
	GlobalSection(SolutionConfigurationPlatforms) = preSolution
		Debug|Any CPU = Debug|Any CPU
		Release|Any CPU = Release|Any CPU
	EndGlobalSection
	GlobalSection(ProjectConfigurationPlatforms) = postSolution
		{AD0650C3-4F3C-4D9E-A3E6-4C7C23F9A60D}.Debug|Any CPU.ActiveCfg = Debug|Any CPU
		{AD0650C3-4F3C-4D9E-A3E6-4C7C23F9A60D}.Debug|Any CPU.Build.0 = Debug|Any CPU
		{AD0650C3-4F3C-4D9E-A3E6-4C7C23F9A60D}.Release|Any CPU.ActiveCfg = Release|Any CPU
		{AD0650C3-4F3C-4D9E-A3E6-4C7C23F9A60D}.Release|Any CPU.Build.0 = Release|Any CPU
		{48827006-C8D8-413D-86A9-22DD5406E149}.Debug|Any CPU.ActiveCfg = Debug|Any CPU
		{48827006-C8D8-413D-86A9-22DD5406E149}.Debug|Any CPU.Build.0 = Debug|Any CPU
		{48827006-C8D8-413D-86A9-22DD5406E149}.Release|Any CPU.ActiveCfg = Release|Any CPU
		{48827006-C8D8-413D-86A9-22DD5406E149}.Release|Any CPU.Build.0 = Release|Any CPU
		{FE38A887-F1BF-4EE2-B756-2899FBCA372D}.Debug|Any CPU.ActiveCfg = Debug|Any CPU
		{FE38A887-F1BF-4EE2-B756-2899FBCA372D}.Debug|Any CPU.Build.0 = Debug|Any CPU
		{FE38A887-F1BF-4EE2-B756-2899FBCA372D}.Release|Any CPU.ActiveCfg = Release|Any CPU
		{FE38A887-F1BF-4EE2-B756-2899FBCA372D}.Release|Any CPU.Build.0 = Release|Any CPU
		{070DCA4E-BF54-4EE7-BAB6-5280FBE21BC4}.Debug|Any CPU.ActiveCfg = Debug|Any CPU
		{070DCA4E-BF54-4EE7-BAB6-5280FBE21BC4}.Debug|Any CPU.Build.0 = Debug|Any CPU
		{070DCA4E-BF54-4EE7-BAB6-5280FBE21BC4}.Release|Any CPU.ActiveCfg = Release|Any CPU
		{070DCA4E-BF54-4EE7-BAB6-5280FBE21BC4}.Release|Any CPU.Build.0 = Release|Any CPU
	EndGlobalSection
	GlobalSection(SolutionProperties) = preSolution
		HideSolutionNode = FALSE
	EndGlobalSection
	GlobalSection(NestedProjects) = preSolution
		{AD0650C3-4F3C-4D9E-A3E6-4C7C23F9A60D} = {5F3978FF-0AC5-4E6E-A38C-BD3B7D37EB80}
		{48827006-C8D8-413D-86A9-22DD5406E149} = {C2A7A18F-AE72-4536-899D-9EC4FE8C3687}
		{6EF24DAC-8F73-43FA-9AE1-BA1429AD0321} = {FCA72DDF-5A58-4F64-8C53-220DC200194B}
		{FE38A887-F1BF-4EE2-B756-2899FBCA372D} = {6EF24DAC-8F73-43FA-9AE1-BA1429AD0321}
		{070DCA4E-BF54-4EE7-BAB6-5280FBE21BC4} = {A3D30A2A-C981-49C2-B145-3FCF55EEDD65}
	EndGlobalSection
	GlobalSection(ExtensibilityGlobals) = postSolution
		SolutionGuid = {2EF03626-CDDF-4645-8811-E410D96DB44D}
	EndGlobalSection
EndGlobal
