
Microsoft Visual Studio Solution File, Format Version 12.00
# Visual Studio Version 17
VisualStudioVersion = 17.3.32811.315
MinimumVisualStudioVersion = 10.0.40219.1
Project("{2150E333-8FDC-42A3-9474-1A3956D46DE8}") = "1 - Application", "1 - Application", "{5F3978FF-0AC5-4E6E-A38C-BD3B7D37EB80}"
EndProject
Project("{2150E333-8FDC-42A3-9474-1A3956D46DE8}") = "2 - Domain", "2 - Domain", "{C2A7A18F-AE72-4536-899D-9EC4FE8C3687}"
EndProject
Project("{2150E333-8FDC-42A3-9474-1A3956D46DE8}") = "3 - Infra", "3 - Infra", "{FCA72DDF-5A58-4F64-8C53-220DC200194B}"
EndProject
Project("{2150E333-8FDC-42A3-9474-1A3956D46DE8}") = "4 - Tests", "4 - Tests", "{A3D30A2A-C981-49C2-B145-3FCF55EEDD65}"
EndProject
Project("{9A19103F-16F7-4668-BE54-9A1E7A4F7556}") = "Gestao.Candidatos.Domain", "2 - Domain\Gestao.Candidatos.Domain\Gestao.Candidatos.Domain.csproj", "{48827006-C8D8-413D-86A9-22DD5406E149}"
EndProject
Project("{2150E333-8FDC-42A3-9474-1A3956D46DE8}") = "Data", "Data", "{6EF24DAC-8F73-43FA-9AE1-BA1429AD0321}"
EndProject
Project("{9A19103F-16F7-4668-BE54-9A1E7A4F7556}") = "Gestao.Candidatos.Infra.Data", "3 - Infra\Data\Gestao.Candidatos.Infra.Data\Gestao.Candidatos.Infra.Data.csproj", "{FE38A887-F1BF-4EE2-B756-2899FBCA372D}"
	ProjectSection(ProjectDependencies) = postProject
		{48827006-C8D8-413D-86A9-22DD5406E149} = {48827006-C8D8-413D-86A9-22DD5406E149}
	EndProjectSection
EndProject
Project("{9A19103F-16F7-4668-BE54-9A1E7A4F7556}") = "Tests", "4 - Tests\Tests\Tests.csproj", "{070DCA4E-BF54-4EE7-BAB6-5280FBE21BC4}"
	ProjectSection(ProjectDependencies) = postProject
		{48827006-C8D8-413D-86A9-22DD5406E149} = {48827006-C8D8-413D-86A9-22DD5406E149}
		{FE38A887-F1BF-4EE2-B756-2899FBCA372D} = {FE38A887-F1BF-4EE2-B756-2899FBCA372D}
	EndProjectSection
EndProject
Project("{2150E333-8FDC-42A3-9474-1A3956D46DE8}") = "0 - API", "0 - API", "{DCC73C20-FFD7-4C3E-B4CC-F331FBD81139}"
EndProject
Project("{FAE04EC0-301F-11D3-BF4B-00C04F79EFBC}") = "Gestao.Candidatos.API", "0 - API\Gestao.Candidatos.API\Gestao.Candidatos.API.csproj", "{3F3F10AC-1400-46C0-8909-F96EC7E599FC}"
EndProject
Project("{FAE04EC0-301F-11D3-BF4B-00C04F79EFBC}") = "Gestao.Candidatos.Application", "1 - Application\Gestao.Candidatos.Application\Gestao.Candidatos.Application.csproj", "{EF9A2C57-F522-48E7-AB10-D6F0BF4D5FC8}"
	ProjectSection(ProjectDependencies) = postProject
		{48827006-C8D8-413D-86A9-22DD5406E149} = {48827006-C8D8-413D-86A9-22DD5406E149}
		{FE38A887-F1BF-4EE2-B756-2899FBCA372D} = {FE38A887-F1BF-4EE2-B756-2899FBCA372D}
	EndProjectSection
EndProject
Global
	GlobalSection(SolutionConfigurationPlatforms) = preSolution
		Debug|Any CPU = Debug|Any CPU
		Release|Any CPU = Release|Any CPU
	EndGlobalSection
	GlobalSection(ProjectConfigurationPlatforms) = postSolution
		{48827006-C8D8-413D-86A9-22DD5406E149}.Debug|Any CPU.ActiveCfg = Debug|Any CPU
		{48827006-C8D8-413D-86A9-22DD5406E149}.Debug|Any CPU.Build.0 = Debug|Any CPU
		{48827006-C8D8-413D-86A9-22DD5406E149}.Release|Any CPU.ActiveCfg = Release|Any CPU
		{48827006-C8D8-413D-86A9-22DD5406E149}.Release|Any CPU.Build.0 = Release|Any CPU
		{FE38A887-F1BF-4EE2-B756-2899FBCA372D}.Debug|Any CPU.ActiveCfg = Debug|Any CPU
		{FE38A887-F1BF-4EE2-B756-2899FBCA372D}.Debug|Any CPU.Build.0 = Debug|Any CPU
		{FE38A887-F1BF-4EE2-B756-2899FBCA372D}.Release|Any CPU.ActiveCfg = Release|Any CPU
		{FE38A887-F1BF-4EE2-B756-2899FBCA372D}.Release|Any CPU.Build.0 = Release|Any CPU
		{070DCA4E-BF54-4EE7-BAB6-5280FBE21BC4}.Debug|Any CPU.ActiveCfg = Debug|Any CPU
		{070DCA4E-BF54-4EE7-BAB6-5280FBE21BC4}.Debug|Any CPU.Build.0 = Debug|Any CPU
		{070DCA4E-BF54-4EE7-BAB6-5280FBE21BC4}.Release|Any CPU.ActiveCfg = Release|Any CPU
		{070DCA4E-BF54-4EE7-BAB6-5280FBE21BC4}.Release|Any CPU.Build.0 = Release|Any CPU
		{3F3F10AC-1400-46C0-8909-F96EC7E599FC}.Debug|Any CPU.ActiveCfg = Debug|Any CPU
		{3F3F10AC-1400-46C0-8909-F96EC7E599FC}.Debug|Any CPU.Build.0 = Debug|Any CPU
		{3F3F10AC-1400-46C0-8909-F96EC7E599FC}.Release|Any CPU.ActiveCfg = Release|Any CPU
		{3F3F10AC-1400-46C0-8909-F96EC7E599FC}.Release|Any CPU.Build.0 = Release|Any CPU
		{EF9A2C57-F522-48E7-AB10-D6F0BF4D5FC8}.Debug|Any CPU.ActiveCfg = Debug|Any CPU
		{EF9A2C57-F522-48E7-AB10-D6F0BF4D5FC8}.Debug|Any CPU.Build.0 = Debug|Any CPU
		{EF9A2C57-F522-48E7-AB10-D6F0BF4D5FC8}.Release|Any CPU.ActiveCfg = Release|Any CPU
		{EF9A2C57-F522-48E7-AB10-D6F0BF4D5FC8}.Release|Any CPU.Build.0 = Release|Any CPU
	EndGlobalSection
	GlobalSection(SolutionProperties) = preSolution
		HideSolutionNode = FALSE
	EndGlobalSection
	GlobalSection(NestedProjects) = preSolution
		{48827006-C8D8-413D-86A9-22DD5406E149} = {C2A7A18F-AE72-4536-899D-9EC4FE8C3687}
		{6EF24DAC-8F73-43FA-9AE1-BA1429AD0321} = {FCA72DDF-5A58-4F64-8C53-220DC200194B}
		{FE38A887-F1BF-4EE2-B756-2899FBCA372D} = {6EF24DAC-8F73-43FA-9AE1-BA1429AD0321}
		{070DCA4E-BF54-4EE7-BAB6-5280FBE21BC4} = {A3D30A2A-C981-49C2-B145-3FCF55EEDD65}
		{3F3F10AC-1400-46C0-8909-F96EC7E599FC} = {DCC73C20-FFD7-4C3E-B4CC-F331FBD81139}
		{EF9A2C57-F522-48E7-AB10-D6F0BF4D5FC8} = {5F3978FF-0AC5-4E6E-A38C-BD3B7D37EB80}
	EndGlobalSection
	GlobalSection(ExtensibilityGlobals) = postSolution
		SolutionGuid = {2EF03626-CDDF-4645-8811-E410D96DB44D}
	EndGlobalSection
EndGlobal
